
Microsoft Visual Studio Solution File, Format Version 12.00
# Visual Studio Version 16
VisualStudioVersion = 16.0.32126.315
MinimumVisualStudioVersion = 10.0.40219.1
Project("{2150E333-8FDC-42A3-9474-1A3956D46DE8}") = "Services", "Services", "{782FE317-E243-4E27-B96F-D7EA68066288}"
EndProject
Project("{2150E333-8FDC-42A3-9474-1A3956D46DE8}") = "1. Identity", "1. Identity", "{E30343B0-5232-410C-93E2-06E4E1E6D8E1}"
EndProject
Project("{9A19103F-16F7-4668-BE54-9A1E7A4F7556}") = "Identity.API", "Services\Identity\Identity.API\Identity.API.csproj", "{9B5C4FB0-251A-4904-843A-666B603DBD95}"
EndProject
Project("{2150E333-8FDC-42A3-9474-1A3956D46DE8}") = "2. Employer", "2. Employer", "{022DB959-7C84-475E-A093-D4B99C5635B1}"
EndProject
Project("{9A19103F-16F7-4668-BE54-9A1E7A4F7556}") = "Employer.API", "Services\Employer\Employer.API\Employer.API.csproj", "{DF2E83C8-9460-4719-BD3D-2202379F6414}"
EndProject
Project("{2150E333-8FDC-42A3-9474-1A3956D46DE8}") = "3. JobSeeker", "3. JobSeeker", "{0360A870-99A3-4F33-AB33-D0E63BA32A48}"
EndProject
Project("{9A19103F-16F7-4668-BE54-9A1E7A4F7556}") = "JobSeeker.API", "Services\JobSeeker\JobSeeker.API\JobSeeker.API.csproj", "{C3E17FDF-9DAF-478E-A5CD-EA9B08BE3239}"
EndProject
Project("{2150E333-8FDC-42A3-9474-1A3956D46DE8}") = "API", "API", "{3257AAB4-2D7A-4893-91D5-43D480D92722}"
EndProject
Project("{2150E333-8FDC-42A3-9474-1A3956D46DE8}") = "DataAcess", "DataAcess", "{2AF3E36D-F672-4EAE-A592-0E3F6D2DAC2E}"
EndProject
Project("{2150E333-8FDC-42A3-9474-1A3956D46DE8}") = "Infrastructure", "Infrastructure", "{FFA900D4-16C9-47FA-B2FB-88B0DD05723F}"
EndProject
Project("{2150E333-8FDC-42A3-9474-1A3956D46DE8}") = "BusinessLogic", "BusinessLogic", "{D208AC59-A854-48D8-BF2E-F615ED69DF60}"
EndProject
Project("{9A19103F-16F7-4668-BE54-9A1E7A4F7556}") = "Identity.BusinessLogic", "Services\Identity\Identity.BusinessLogic\Identity.BusinessLogic.csproj", "{A83C12B4-70E5-4275-A3FF-C4E9315C882D}"
EndProject
Project("{9A19103F-16F7-4668-BE54-9A1E7A4F7556}") = "Identity.DataAccess", "Services\Identity\Identity.DataAccess\Identity.DataAccess.csproj", "{ADF6D400-6E54-45EF-8268-B5A8D3743187}"
EndProject
Project("{9A19103F-16F7-4668-BE54-9A1E7A4F7556}") = "Identity.Infrastructure", "Services\Identity\Identity.Infrastructure\Identity.Infrastructure.csproj", "{D42C03BA-09BA-4C98-844C-18D7F1FFBB37}"
EndProject
Project("{2150E333-8FDC-42A3-9474-1A3956D46DE8}") = "API", "API", "{3219A4A1-F80C-4818-94F6-99BD7E5ABEB7}"
EndProject
Project("{2150E333-8FDC-42A3-9474-1A3956D46DE8}") = "BusinessLogic", "BusinessLogic", "{A057C7AE-3068-466C-B37A-53367652F74E}"
EndProject
Project("{2150E333-8FDC-42A3-9474-1A3956D46DE8}") = "DataAccess", "DataAccess", "{8941AD0A-173C-44F0-8C7E-0F9D6CA92D72}"
EndProject
Project("{2150E333-8FDC-42A3-9474-1A3956D46DE8}") = "Infrastructure", "Infrastructure", "{330391F1-3B1E-48D3-8681-3BAF4445EC5B}"
EndProject
Project("{2150E333-8FDC-42A3-9474-1A3956D46DE8}") = "API", "API", "{32E8F95E-1497-4476-8A6E-F079BA4A13C7}"
EndProject
Project("{2150E333-8FDC-42A3-9474-1A3956D46DE8}") = "BusinessLogic", "BusinessLogic", "{079BD75C-E4AB-4F18-84B8-2FF7799DC2A0}"
EndProject
Project("{2150E333-8FDC-42A3-9474-1A3956D46DE8}") = "DataAccess", "DataAccess", "{CB775F0A-AEEE-485E-AEA9-11EF56EE8C7B}"
EndProject
Project("{2150E333-8FDC-42A3-9474-1A3956D46DE8}") = "Infrastructure", "Infrastructure", "{3145165F-1324-4B58-92E4-5CC17617EC78}"
EndProject
Project("{2150E333-8FDC-42A3-9474-1A3956D46DE8}") = "WebApp", "WebApp", "{E6E3361B-07A6-484A-B37F-3F924056C9C8}"
EndProject
Project("{9A19103F-16F7-4668-BE54-9A1E7A4F7556}") = "Employer.BusinessLogic", "Services\Employer\Employer.BusinessLogic\Employer.BusinessLogic.csproj", "{60AD1A6D-911E-4311-956B-D78A88A15B97}"
EndProject
Project("{9A19103F-16F7-4668-BE54-9A1E7A4F7556}") = "Employer.DataAccess", "Services\Employer\Employer.DataAccess\Employer.DataAccess.csproj", "{E629F8E3-9F02-4F45-9B8A-3F5650C96D0C}"
EndProject
Project("{9A19103F-16F7-4668-BE54-9A1E7A4F7556}") = "Employer.Infrastructure", "Services\Employer\Employer.Infrastructure\Employer.Infrastructure.csproj", "{6D063951-BC34-4F07-94BF-DE5C9EDDEF62}"
EndProject
Project("{9A19103F-16F7-4668-BE54-9A1E7A4F7556}") = "JobSeeker.BusinessLogic", "Services\JobSeeker\JobSeeker.BusinessLogic\JobSeeker.BusinessLogic.csproj", "{C4360663-07E0-4892-9DD3-B5F706DEA13D}"
EndProject
Project("{9A19103F-16F7-4668-BE54-9A1E7A4F7556}") = "JobSeeker.DataAccess", "Services\JobSeeker\JobSeeker.DataAccess\JobSeeker.DataAccess.csproj", "{47EA74E9-D7EF-42D8-ADCA-952A03E3E8B1}"
EndProject
Project("{9A19103F-16F7-4668-BE54-9A1E7A4F7556}") = "JobSeeker.Infrastructure", "Services\JobSeeker\JobSeeker.Infrastructure\JobSeeker.Infrastructure.csproj", "{C390A176-E053-417E-86E2-84B8D3E0905E}"
EndProject
Project("{2150E333-8FDC-42A3-9474-1A3956D46DE8}") = "ApiGateways", "ApiGateways", "{D027EE2D-BD46-487E-99CA-D4E5555C9FD4}"
EndProject
Project("{9A19103F-16F7-4668-BE54-9A1E7A4F7556}") = "OcelotApiGw", "WebApp\ApiGateways\OcelotApiGw\OcelotApiGw.csproj", "{FA661FE9-C7F3-4DEB-9BB6-812BFE0EAFED}"
EndProject
Project("{FAE04EC0-301F-11D3-BF4B-00C04F79EFBC}") = "VacancyRequests.Aggregator", "WebApp\ApiGateways\VacancyRequests.Aggregator\VacancyRequests.Aggregator.csproj", "{166B3AA6-992E-4B17-B95D-9F4205347744}"
EndProject
Global
	GlobalSection(SolutionConfigurationPlatforms) = preSolution
		Debug|Any CPU = Debug|Any CPU
		Release|Any CPU = Release|Any CPU
	EndGlobalSection
	GlobalSection(ProjectConfigurationPlatforms) = postSolution
		{9B5C4FB0-251A-4904-843A-666B603DBD95}.Debug|Any CPU.ActiveCfg = Debug|Any CPU
		{9B5C4FB0-251A-4904-843A-666B603DBD95}.Debug|Any CPU.Build.0 = Debug|Any CPU
		{9B5C4FB0-251A-4904-843A-666B603DBD95}.Release|Any CPU.ActiveCfg = Release|Any CPU
		{9B5C4FB0-251A-4904-843A-666B603DBD95}.Release|Any CPU.Build.0 = Release|Any CPU
		{DF2E83C8-9460-4719-BD3D-2202379F6414}.Debug|Any CPU.ActiveCfg = Debug|Any CPU
		{DF2E83C8-9460-4719-BD3D-2202379F6414}.Debug|Any CPU.Build.0 = Debug|Any CPU
		{DF2E83C8-9460-4719-BD3D-2202379F6414}.Release|Any CPU.ActiveCfg = Release|Any CPU
		{DF2E83C8-9460-4719-BD3D-2202379F6414}.Release|Any CPU.Build.0 = Release|Any CPU
		{C3E17FDF-9DAF-478E-A5CD-EA9B08BE3239}.Debug|Any CPU.ActiveCfg = Debug|Any CPU
		{C3E17FDF-9DAF-478E-A5CD-EA9B08BE3239}.Debug|Any CPU.Build.0 = Debug|Any CPU
		{C3E17FDF-9DAF-478E-A5CD-EA9B08BE3239}.Release|Any CPU.ActiveCfg = Release|Any CPU
		{C3E17FDF-9DAF-478E-A5CD-EA9B08BE3239}.Release|Any CPU.Build.0 = Release|Any CPU
		{A83C12B4-70E5-4275-A3FF-C4E9315C882D}.Debug|Any CPU.ActiveCfg = Debug|Any CPU
		{A83C12B4-70E5-4275-A3FF-C4E9315C882D}.Debug|Any CPU.Build.0 = Debug|Any CPU
		{A83C12B4-70E5-4275-A3FF-C4E9315C882D}.Release|Any CPU.ActiveCfg = Release|Any CPU
		{A83C12B4-70E5-4275-A3FF-C4E9315C882D}.Release|Any CPU.Build.0 = Release|Any CPU
		{ADF6D400-6E54-45EF-8268-B5A8D3743187}.Debug|Any CPU.ActiveCfg = Debug|Any CPU
		{ADF6D400-6E54-45EF-8268-B5A8D3743187}.Debug|Any CPU.Build.0 = Debug|Any CPU
		{ADF6D400-6E54-45EF-8268-B5A8D3743187}.Release|Any CPU.ActiveCfg = Release|Any CPU
		{ADF6D400-6E54-45EF-8268-B5A8D3743187}.Release|Any CPU.Build.0 = Release|Any CPU
		{D42C03BA-09BA-4C98-844C-18D7F1FFBB37}.Debug|Any CPU.ActiveCfg = Debug|Any CPU
		{D42C03BA-09BA-4C98-844C-18D7F1FFBB37}.Debug|Any CPU.Build.0 = Debug|Any CPU
		{D42C03BA-09BA-4C98-844C-18D7F1FFBB37}.Release|Any CPU.ActiveCfg = Release|Any CPU
		{D42C03BA-09BA-4C98-844C-18D7F1FFBB37}.Release|Any CPU.Build.0 = Release|Any CPU
		{60AD1A6D-911E-4311-956B-D78A88A15B97}.Debug|Any CPU.ActiveCfg = Debug|Any CPU
		{60AD1A6D-911E-4311-956B-D78A88A15B97}.Debug|Any CPU.Build.0 = Debug|Any CPU
		{60AD1A6D-911E-4311-956B-D78A88A15B97}.Release|Any CPU.ActiveCfg = Release|Any CPU
		{60AD1A6D-911E-4311-956B-D78A88A15B97}.Release|Any CPU.Build.0 = Release|Any CPU
		{E629F8E3-9F02-4F45-9B8A-3F5650C96D0C}.Debug|Any CPU.ActiveCfg = Debug|Any CPU
		{E629F8E3-9F02-4F45-9B8A-3F5650C96D0C}.Debug|Any CPU.Build.0 = Debug|Any CPU
		{E629F8E3-9F02-4F45-9B8A-3F5650C96D0C}.Release|Any CPU.ActiveCfg = Release|Any CPU
		{E629F8E3-9F02-4F45-9B8A-3F5650C96D0C}.Release|Any CPU.Build.0 = Release|Any CPU
		{6D063951-BC34-4F07-94BF-DE5C9EDDEF62}.Debug|Any CPU.ActiveCfg = Debug|Any CPU
		{6D063951-BC34-4F07-94BF-DE5C9EDDEF62}.Debug|Any CPU.Build.0 = Debug|Any CPU
		{6D063951-BC34-4F07-94BF-DE5C9EDDEF62}.Release|Any CPU.ActiveCfg = Release|Any CPU
		{6D063951-BC34-4F07-94BF-DE5C9EDDEF62}.Release|Any CPU.Build.0 = Release|Any CPU
		{C4360663-07E0-4892-9DD3-B5F706DEA13D}.Debug|Any CPU.ActiveCfg = Debug|Any CPU
		{C4360663-07E0-4892-9DD3-B5F706DEA13D}.Debug|Any CPU.Build.0 = Debug|Any CPU
		{C4360663-07E0-4892-9DD3-B5F706DEA13D}.Release|Any CPU.ActiveCfg = Release|Any CPU
		{C4360663-07E0-4892-9DD3-B5F706DEA13D}.Release|Any CPU.Build.0 = Release|Any CPU
		{47EA74E9-D7EF-42D8-ADCA-952A03E3E8B1}.Debug|Any CPU.ActiveCfg = Debug|Any CPU
		{47EA74E9-D7EF-42D8-ADCA-952A03E3E8B1}.Debug|Any CPU.Build.0 = Debug|Any CPU
		{47EA74E9-D7EF-42D8-ADCA-952A03E3E8B1}.Release|Any CPU.ActiveCfg = Release|Any CPU
		{47EA74E9-D7EF-42D8-ADCA-952A03E3E8B1}.Release|Any CPU.Build.0 = Release|Any CPU
		{C390A176-E053-417E-86E2-84B8D3E0905E}.Debug|Any CPU.ActiveCfg = Debug|Any CPU
		{C390A176-E053-417E-86E2-84B8D3E0905E}.Debug|Any CPU.Build.0 = Debug|Any CPU
		{C390A176-E053-417E-86E2-84B8D3E0905E}.Release|Any CPU.ActiveCfg = Release|Any CPU
		{C390A176-E053-417E-86E2-84B8D3E0905E}.Release|Any CPU.Build.0 = Release|Any CPU
		{FA661FE9-C7F3-4DEB-9BB6-812BFE0EAFED}.Debug|Any CPU.ActiveCfg = Debug|Any CPU
		{FA661FE9-C7F3-4DEB-9BB6-812BFE0EAFED}.Debug|Any CPU.Build.0 = Debug|Any CPU
		{FA661FE9-C7F3-4DEB-9BB6-812BFE0EAFED}.Release|Any CPU.ActiveCfg = Release|Any CPU
		{FA661FE9-C7F3-4DEB-9BB6-812BFE0EAFED}.Release|Any CPU.Build.0 = Release|Any CPU
		{166B3AA6-992E-4B17-B95D-9F4205347744}.Debug|Any CPU.ActiveCfg = Debug|Any CPU
		{166B3AA6-992E-4B17-B95D-9F4205347744}.Debug|Any CPU.Build.0 = Debug|Any CPU
		{166B3AA6-992E-4B17-B95D-9F4205347744}.Release|Any CPU.ActiveCfg = Release|Any CPU
		{166B3AA6-992E-4B17-B95D-9F4205347744}.Release|Any CPU.Build.0 = Release|Any CPU
	EndGlobalSection
	GlobalSection(SolutionProperties) = preSolution
		HideSolutionNode = FALSE
	EndGlobalSection
	GlobalSection(NestedProjects) = preSolution
		{E30343B0-5232-410C-93E2-06E4E1E6D8E1} = {782FE317-E243-4E27-B96F-D7EA68066288}
		{9B5C4FB0-251A-4904-843A-666B603DBD95} = {3257AAB4-2D7A-4893-91D5-43D480D92722}
		{022DB959-7C84-475E-A093-D4B99C5635B1} = {782FE317-E243-4E27-B96F-D7EA68066288}
		{DF2E83C8-9460-4719-BD3D-2202379F6414} = {3219A4A1-F80C-4818-94F6-99BD7E5ABEB7}
		{0360A870-99A3-4F33-AB33-D0E63BA32A48} = {782FE317-E243-4E27-B96F-D7EA68066288}
		{C3E17FDF-9DAF-478E-A5CD-EA9B08BE3239} = {32E8F95E-1497-4476-8A6E-F079BA4A13C7}
		{3257AAB4-2D7A-4893-91D5-43D480D92722} = {E30343B0-5232-410C-93E2-06E4E1E6D8E1}
		{2AF3E36D-F672-4EAE-A592-0E3F6D2DAC2E} = {E30343B0-5232-410C-93E2-06E4E1E6D8E1}
		{FFA900D4-16C9-47FA-B2FB-88B0DD05723F} = {E30343B0-5232-410C-93E2-06E4E1E6D8E1}
		{D208AC59-A854-48D8-BF2E-F615ED69DF60} = {E30343B0-5232-410C-93E2-06E4E1E6D8E1}
		{A83C12B4-70E5-4275-A3FF-C4E9315C882D} = {D208AC59-A854-48D8-BF2E-F615ED69DF60}
		{ADF6D400-6E54-45EF-8268-B5A8D3743187} = {2AF3E36D-F672-4EAE-A592-0E3F6D2DAC2E}
		{D42C03BA-09BA-4C98-844C-18D7F1FFBB37} = {FFA900D4-16C9-47FA-B2FB-88B0DD05723F}
		{3219A4A1-F80C-4818-94F6-99BD7E5ABEB7} = {022DB959-7C84-475E-A093-D4B99C5635B1}
		{A057C7AE-3068-466C-B37A-53367652F74E} = {022DB959-7C84-475E-A093-D4B99C5635B1}
		{8941AD0A-173C-44F0-8C7E-0F9D6CA92D72} = {022DB959-7C84-475E-A093-D4B99C5635B1}
		{330391F1-3B1E-48D3-8681-3BAF4445EC5B} = {022DB959-7C84-475E-A093-D4B99C5635B1}
		{32E8F95E-1497-4476-8A6E-F079BA4A13C7} = {0360A870-99A3-4F33-AB33-D0E63BA32A48}
		{079BD75C-E4AB-4F18-84B8-2FF7799DC2A0} = {0360A870-99A3-4F33-AB33-D0E63BA32A48}
		{CB775F0A-AEEE-485E-AEA9-11EF56EE8C7B} = {0360A870-99A3-4F33-AB33-D0E63BA32A48}
		{3145165F-1324-4B58-92E4-5CC17617EC78} = {0360A870-99A3-4F33-AB33-D0E63BA32A48}
		{60AD1A6D-911E-4311-956B-D78A88A15B97} = {A057C7AE-3068-466C-B37A-53367652F74E}
		{E629F8E3-9F02-4F45-9B8A-3F5650C96D0C} = {8941AD0A-173C-44F0-8C7E-0F9D6CA92D72}
		{6D063951-BC34-4F07-94BF-DE5C9EDDEF62} = {330391F1-3B1E-48D3-8681-3BAF4445EC5B}
		{C4360663-07E0-4892-9DD3-B5F706DEA13D} = {079BD75C-E4AB-4F18-84B8-2FF7799DC2A0}
		{47EA74E9-D7EF-42D8-ADCA-952A03E3E8B1} = {CB775F0A-AEEE-485E-AEA9-11EF56EE8C7B}
		{C390A176-E053-417E-86E2-84B8D3E0905E} = {3145165F-1324-4B58-92E4-5CC17617EC78}
		{D027EE2D-BD46-487E-99CA-D4E5555C9FD4} = {E6E3361B-07A6-484A-B37F-3F924056C9C8}
		{FA661FE9-C7F3-4DEB-9BB6-812BFE0EAFED} = {D027EE2D-BD46-487E-99CA-D4E5555C9FD4}
		{166B3AA6-992E-4B17-B95D-9F4205347744} = {D027EE2D-BD46-487E-99CA-D4E5555C9FD4}
	EndGlobalSection
	GlobalSection(ExtensibilityGlobals) = postSolution
		SolutionGuid = {776AE405-185B-4067-BD4A-3267E51B5D73}
	EndGlobalSection
EndGlobal
