
Microsoft Visual Studio Solution File, Format Version 12.00
# Visual Studio Version 16
VisualStudioVersion = 16.0.32126.315
MinimumVisualStudioVersion = 10.0.40219.1
Project("{2150E333-8FDC-42A3-9474-1A3956D46DE8}") = "Services", "Services", "{782FE317-E243-4E27-B96F-D7EA68066288}"
EndProject
Project("{2150E333-8FDC-42A3-9474-1A3956D46DE8}") = "1. Identity", "1. Identity", "{E30343B0-5232-410C-93E2-06E4E1E6D8E1}"
EndProject
Project("{9A19103F-16F7-4668-BE54-9A1E7A4F7556}") = "Identity.API", "Services\Identity.API\Identity.API.csproj", "{9B5C4FB0-251A-4904-843A-666B603DBD95}"
EndProject
Project("{2150E333-8FDC-42A3-9474-1A3956D46DE8}") = "2. Employer", "2. Employer", "{022DB959-7C84-475E-A093-D4B99C5635B1}"
EndProject
Project("{9A19103F-16F7-4668-BE54-9A1E7A4F7556}") = "Employer.API", "Services\Employer.API\Employer.API.csproj", "{DF2E83C8-9460-4719-BD3D-2202379F6414}"
EndProject
Project("{2150E333-8FDC-42A3-9474-1A3956D46DE8}") = "3. JobSeeker", "3. JobSeeker", "{0360A870-99A3-4F33-AB33-D0E63BA32A48}"
EndProject
Project("{FAE04EC0-301F-11D3-BF4B-00C04F79EFBC}") = "JobSeeker.API", "Services\JobSeeker.API\JobSeeker.API.csproj", "{C3E17FDF-9DAF-478E-A5CD-EA9B08BE3239}"
EndProject
Global
	GlobalSection(SolutionConfigurationPlatforms) = preSolution
		Debug|Any CPU = Debug|Any CPU
		Release|Any CPU = Release|Any CPU
	EndGlobalSection
	GlobalSection(ProjectConfigurationPlatforms) = postSolution
		{9B5C4FB0-251A-4904-843A-666B603DBD95}.Debug|Any CPU.ActiveCfg = Debug|Any CPU
		{9B5C4FB0-251A-4904-843A-666B603DBD95}.Debug|Any CPU.Build.0 = Debug|Any CPU
		{9B5C4FB0-251A-4904-843A-666B603DBD95}.Release|Any CPU.ActiveCfg = Release|Any CPU
		{9B5C4FB0-251A-4904-843A-666B603DBD95}.Release|Any CPU.Build.0 = Release|Any CPU
		{DF2E83C8-9460-4719-BD3D-2202379F6414}.Debug|Any CPU.ActiveCfg = Debug|Any CPU
		{DF2E83C8-9460-4719-BD3D-2202379F6414}.Debug|Any CPU.Build.0 = Debug|Any CPU
		{DF2E83C8-9460-4719-BD3D-2202379F6414}.Release|Any CPU.ActiveCfg = Release|Any CPU
		{DF2E83C8-9460-4719-BD3D-2202379F6414}.Release|Any CPU.Build.0 = Release|Any CPU
		{C3E17FDF-9DAF-478E-A5CD-EA9B08BE3239}.Debug|Any CPU.ActiveCfg = Debug|Any CPU
		{C3E17FDF-9DAF-478E-A5CD-EA9B08BE3239}.Debug|Any CPU.Build.0 = Debug|Any CPU
		{C3E17FDF-9DAF-478E-A5CD-EA9B08BE3239}.Release|Any CPU.ActiveCfg = Release|Any CPU
		{C3E17FDF-9DAF-478E-A5CD-EA9B08BE3239}.Release|Any CPU.Build.0 = Release|Any CPU
	EndGlobalSection
	GlobalSection(SolutionProperties) = preSolution
		HideSolutionNode = FALSE
	EndGlobalSection
	GlobalSection(NestedProjects) = preSolution
		{E30343B0-5232-410C-93E2-06E4E1E6D8E1} = {782FE317-E243-4E27-B96F-D7EA68066288}
		{9B5C4FB0-251A-4904-843A-666B603DBD95} = {E30343B0-5232-410C-93E2-06E4E1E6D8E1}
		{022DB959-7C84-475E-A093-D4B99C5635B1} = {782FE317-E243-4E27-B96F-D7EA68066288}
		{DF2E83C8-9460-4719-BD3D-2202379F6414} = {022DB959-7C84-475E-A093-D4B99C5635B1}
		{0360A870-99A3-4F33-AB33-D0E63BA32A48} = {782FE317-E243-4E27-B96F-D7EA68066288}
		{C3E17FDF-9DAF-478E-A5CD-EA9B08BE3239} = {0360A870-99A3-4F33-AB33-D0E63BA32A48}
	EndGlobalSection
	GlobalSection(ExtensibilityGlobals) = postSolution
		SolutionGuid = {776AE405-185B-4067-BD4A-3267E51B5D73}
	EndGlobalSection
EndGlobal
